// !$*UTF8*$!
{
	archiveVersion = 1;
	classes = {
	};
	objectVersion = 56;
	objects = {

/* Begin PBXBuildFile section */
		0559705B2A16646B00868C42 /* MenuReviewResponse.swift in Sources */ = {isa = PBXBuildFile; fileRef = 0559705A2A16646B00868C42 /* MenuReviewResponse.swift */; };
		0559705D2A16670600868C42 /* MenuInfoResponse.swift in Sources */ = {isa = PBXBuildFile; fileRef = 0559705C2A16670600868C42 /* MenuInfoResponse.swift */; };
		0569565C29B25D40002E8CF2 /* Tabman in Frameworks */ = {isa = PBXBuildFile; productRef = 0569565B29B25D40002E8CF2 /* Tabman */; };
		056956B829C0D6DC002E8CF2 /* UIView+.swift in Sources */ = {isa = PBXBuildFile; fileRef = 056956B729C0D6DC002E8CF2 /* UIView+.swift */; };
		056956BB29C0D8BF002E8CF2 /* UIFont+.swift in Sources */ = {isa = PBXBuildFile; fileRef = 056956BA29C0D8BF002E8CF2 /* UIFont+.swift */; };
		056956BF29C0DB1A002E8CF2 /* BaseViewController.swift in Sources */ = {isa = PBXBuildFile; fileRef = 056956BE29C0DB1A002E8CF2 /* BaseViewController.swift */; };
		056956C229C0DB55002E8CF2 /* Moya in Frameworks */ = {isa = PBXBuildFile; productRef = 056956C129C0DB55002E8CF2 /* Moya */; };
		056956C729C0E350002E8CF2 /* ReviewRateView.swift in Sources */ = {isa = PBXBuildFile; fileRef = 056956C629C0E350002E8CF2 /* ReviewRateView.swift */; };
		056956C929C0E51F002E8CF2 /* BaseUIView.swift in Sources */ = {isa = PBXBuildFile; fileRef = 056956C829C0E51F002E8CF2 /* BaseUIView.swift */; };
		056956FD29CB7958002E8CF2 /* ReviewTableCell.swift in Sources */ = {isa = PBXBuildFile; fileRef = 056956FC29CB7958002E8CF2 /* ReviewTableCell.swift */; };
		056956FF29CB81E2002E8CF2 /* SetRateViewController.swift in Sources */ = {isa = PBXBuildFile; fileRef = 056956FE29CB81E2002E8CF2 /* SetRateViewController.swift */; };
		0569570329CB83A1002E8CF2 /* BottomTagView.swift in Sources */ = {isa = PBXBuildFile; fileRef = 0569570229CB83A1002E8CF2 /* BottomTagView.swift */; };
		0569570A29CCBC41002E8CF2 /* RateView.swift in Sources */ = {isa = PBXBuildFile; fileRef = 0569570929CCBC41002E8CF2 /* RateView.swift */; };
		0569570C29CE1A71002E8CF2 /* WriteReviewViewController.swift in Sources */ = {isa = PBXBuildFile; fileRef = 0569570B29CE1A71002E8CF2 /* WriteReviewViewController.swift */; };
		057A0AC72A1B488B00F10B85 /* TotalReviewResponse.swift in Sources */ = {isa = PBXBuildFile; fileRef = 057A0AC62A1B488B00F10B85 /* TotalReviewResponse.swift */; };
		057A0AC92A1B498300F10B85 /* ReviewRouter.swift in Sources */ = {isa = PBXBuildFile; fileRef = 057A0AC82A1B498300F10B85 /* ReviewRouter.swift */; };
		05A4C88429DFE42A004B9A81 /* UIStackView+.swift in Sources */ = {isa = PBXBuildFile; fileRef = 05A4C88329DFE42A004B9A81 /* UIStackView+.swift */; };
		7B2BBF96299A1AC400EE0F1F /* AppDelegate.swift in Sources */ = {isa = PBXBuildFile; fileRef = 7B2BBF95299A1AC400EE0F1F /* AppDelegate.swift */; };
		7B2BBF98299A1AC400EE0F1F /* SceneDelegate.swift in Sources */ = {isa = PBXBuildFile; fileRef = 7B2BBF97299A1AC400EE0F1F /* SceneDelegate.swift */; };
		7B2BBF9A299A1AC400EE0F1F /* HomeViewController.swift in Sources */ = {isa = PBXBuildFile; fileRef = 7B2BBF99299A1AC400EE0F1F /* HomeViewController.swift */; };
		7B2BBF9F299A1AC500EE0F1F /* Assets.xcassets in Resources */ = {isa = PBXBuildFile; fileRef = 7B2BBF9E299A1AC500EE0F1F /* Assets.xcassets */; };
		7B2BBFA2299A1AC500EE0F1F /* LaunchScreen.storyboard in Resources */ = {isa = PBXBuildFile; fileRef = 7B2BBFA0299A1AC500EE0F1F /* LaunchScreen.storyboard */; };
		7B2BBFB0299A291A00EE0F1F /* SnapKit in Frameworks */ = {isa = PBXBuildFile; productRef = 7B2BBFAF299A291A00EE0F1F /* SnapKit */; };
		7B2BBFB2299A29AF00EE0F1F /* UIColor+.swift in Sources */ = {isa = PBXBuildFile; fileRef = 7B2BBFB1299A29AF00EE0F1F /* UIColor+.swift */; };
		7B2BBFB4299A29DC00EE0F1F /* UIViewController+.swift in Sources */ = {isa = PBXBuildFile; fileRef = 7B2BBFB3299A29DC00EE0F1F /* UIViewController+.swift */; };
		7B2C9E9129DAF6270007603D /* MainButton.swift in Sources */ = {isa = PBXBuildFile; fileRef = 7B2C9E9029DAF6270007603D /* MainButton.swift */; };
		7B2C9E9329DAF9A70007603D /* SignUpViewController.swift in Sources */ = {isa = PBXBuildFile; fileRef = 7B2C9E9229DAF9A70007603D /* SignUpViewController.swift */; };
		7B2C9E9529DB359A0007603D /* MainTextField.swift in Sources */ = {isa = PBXBuildFile; fileRef = 7B2C9E9429DB359A0007603D /* MainTextField.swift */; };
		7B2C9E9729DEE7B20007603D /* UITextField+.swift in Sources */ = {isa = PBXBuildFile; fileRef = 7B2C9E9629DEE7B20007603D /* UITextField+.swift */; };
		7B2C9E9B29DF3B4A0007603D /* ImageLiteral.swift in Sources */ = {isa = PBXBuildFile; fileRef = 7B2C9E9A29DF3B4A0007603D /* ImageLiteral.swift */; };
		7B2C9E9D29DF3C020007603D /* FontLiteral.swift in Sources */ = {isa = PBXBuildFile; fileRef = 7B2C9E9C29DF3C020007603D /* FontLiteral.swift */; };
		7B63C45729C100C80070C588 /* MorningViewController.swift in Sources */ = {isa = PBXBuildFile; fileRef = 7B63C45629C100C80070C588 /* MorningViewController.swift */; };
		7B63C45929C100D70070C588 /* LunchViewController.swift in Sources */ = {isa = PBXBuildFile; fileRef = 7B63C45829C100D70070C588 /* LunchViewController.swift */; };
		7B63C45B29C100DE0070C588 /* DinnerViewController.swift in Sources */ = {isa = PBXBuildFile; fileRef = 7B63C45A29C100DE0070C588 /* DinnerViewController.swift */; };
		7B98992E29E04F1300D1A076 /* ReviewViewController.swift in Sources */ = {isa = PBXBuildFile; fileRef = 7B98992D29E04F1300D1A076 /* ReviewViewController.swift */; };
		7B9899A02A0B8F3E00D1A076 /* MenuTableViewCell.swift in Sources */ = {isa = PBXBuildFile; fileRef = 7B98999F2A0B8F3E00D1A076 /* MenuTableViewCell.swift */; };
		7B9899A22A0B8FCF00D1A076 /* MenuHeaderView.swift in Sources */ = {isa = PBXBuildFile; fileRef = 7B9899A12A0B8FCF00D1A076 /* MenuHeaderView.swift */; };
		7B9899A42A0B902C00D1A076 /* MenuTableView.swift in Sources */ = {isa = PBXBuildFile; fileRef = 7B9899A32A0B902C00D1A076 /* MenuTableView.swift */; };
		7B9899A62A0B904700D1A076 /* Menu.swift in Sources */ = {isa = PBXBuildFile; fileRef = 7B9899A52A0B904700D1A076 /* Menu.swift */; };
		7B9899AA2A0B98E700D1A076 /* RestaurantMapViewController.swift in Sources */ = {isa = PBXBuildFile; fileRef = 7B9899A92A0B98E700D1A076 /* RestaurantMapViewController.swift */; };
		7B9899B72A0ED34300D1A076 /* MyPageViewController.swift in Sources */ = {isa = PBXBuildFile; fileRef = 7B9899B62A0ED34300D1A076 /* MyPageViewController.swift */; };
		7B9899C32A154F9800D1A076 /* Config.swift in Sources */ = {isa = PBXBuildFile; fileRef = 7B9899C22A154F9800D1A076 /* Config.swift */; };
		7BD73CD429D208940076DC77 /* Then in Frameworks */ = {isa = PBXBuildFile; productRef = 7BD73CD329D208940076DC77 /* Then */; };
		7BD73CD629D20B980076DC77 /* MorningView.swift in Sources */ = {isa = PBXBuildFile; fileRef = 7BD73CD529D20B980076DC77 /* MorningView.swift */; };
		7BD73CE629D2F9C60076DC77 /* LoginViewController.swift in Sources */ = {isa = PBXBuildFile; fileRef = 7BD73CE529D2F9C60076DC77 /* LoginViewController.swift */; };
		7BD73CE829D2F9D10076DC77 /* LoginView.swift in Sources */ = {isa = PBXBuildFile; fileRef = 7BD73CE729D2F9D10076DC77 /* LoginView.swift */; };
/* End PBXBuildFile section */

/* Begin PBXFileReference section */
		0559705A2A16646B00868C42 /* MenuReviewResponse.swift */ = {isa = PBXFileReference; lastKnownFileType = sourcecode.swift; path = MenuReviewResponse.swift; sourceTree = "<group>"; };
		0559705C2A16670600868C42 /* MenuInfoResponse.swift */ = {isa = PBXFileReference; lastKnownFileType = sourcecode.swift; path = MenuInfoResponse.swift; sourceTree = "<group>"; };
		056956B729C0D6DC002E8CF2 /* UIView+.swift */ = {isa = PBXFileReference; lastKnownFileType = sourcecode.swift; path = "UIView+.swift"; sourceTree = "<group>"; };
		056956BA29C0D8BF002E8CF2 /* UIFont+.swift */ = {isa = PBXFileReference; lastKnownFileType = sourcecode.swift; path = "UIFont+.swift"; sourceTree = "<group>"; };
		056956BE29C0DB1A002E8CF2 /* BaseViewController.swift */ = {isa = PBXFileReference; lastKnownFileType = sourcecode.swift; path = BaseViewController.swift; sourceTree = "<group>"; };
		056956C629C0E350002E8CF2 /* ReviewRateView.swift */ = {isa = PBXFileReference; lastKnownFileType = sourcecode.swift; path = ReviewRateView.swift; sourceTree = "<group>"; };
		056956C829C0E51F002E8CF2 /* BaseUIView.swift */ = {isa = PBXFileReference; lastKnownFileType = sourcecode.swift; path = BaseUIView.swift; sourceTree = "<group>"; };
		056956FC29CB7958002E8CF2 /* ReviewTableCell.swift */ = {isa = PBXFileReference; lastKnownFileType = sourcecode.swift; path = ReviewTableCell.swift; sourceTree = "<group>"; };
		056956FE29CB81E2002E8CF2 /* SetRateViewController.swift */ = {isa = PBXFileReference; lastKnownFileType = sourcecode.swift; path = SetRateViewController.swift; sourceTree = "<group>"; };
		0569570229CB83A1002E8CF2 /* BottomTagView.swift */ = {isa = PBXFileReference; lastKnownFileType = sourcecode.swift; path = BottomTagView.swift; sourceTree = "<group>"; };
		0569570929CCBC41002E8CF2 /* RateView.swift */ = {isa = PBXFileReference; lastKnownFileType = sourcecode.swift; path = RateView.swift; sourceTree = "<group>"; };
		0569570B29CE1A71002E8CF2 /* WriteReviewViewController.swift */ = {isa = PBXFileReference; lastKnownFileType = sourcecode.swift; path = WriteReviewViewController.swift; sourceTree = "<group>"; };
		057A0AC62A1B488B00F10B85 /* TotalReviewResponse.swift */ = {isa = PBXFileReference; lastKnownFileType = sourcecode.swift; path = TotalReviewResponse.swift; sourceTree = "<group>"; };
		057A0AC82A1B498300F10B85 /* ReviewRouter.swift */ = {isa = PBXFileReference; lastKnownFileType = sourcecode.swift; name = ReviewRouter.swift; path = "EatSSU-iOS/Network/DTO/Review/ReviewRouter.swift"; sourceTree = SOURCE_ROOT; };
		05A4C88329DFE42A004B9A81 /* UIStackView+.swift */ = {isa = PBXFileReference; lastKnownFileType = sourcecode.swift; path = "UIStackView+.swift"; sourceTree = "<group>"; };
		7B2BBF92299A1AC400EE0F1F /* EatSSU-iOS.app */ = {isa = PBXFileReference; explicitFileType = wrapper.application; includeInIndex = 0; path = "EatSSU-iOS.app"; sourceTree = BUILT_PRODUCTS_DIR; };
		7B2BBF95299A1AC400EE0F1F /* AppDelegate.swift */ = {isa = PBXFileReference; lastKnownFileType = sourcecode.swift; path = AppDelegate.swift; sourceTree = "<group>"; };
		7B2BBF97299A1AC400EE0F1F /* SceneDelegate.swift */ = {isa = PBXFileReference; lastKnownFileType = sourcecode.swift; path = SceneDelegate.swift; sourceTree = "<group>"; };
		7B2BBF99299A1AC400EE0F1F /* HomeViewController.swift */ = {isa = PBXFileReference; lastKnownFileType = sourcecode.swift; path = HomeViewController.swift; sourceTree = "<group>"; };
		7B2BBF9E299A1AC500EE0F1F /* Assets.xcassets */ = {isa = PBXFileReference; lastKnownFileType = folder.assetcatalog; path = Assets.xcassets; sourceTree = "<group>"; };
		7B2BBFA1299A1AC500EE0F1F /* Base */ = {isa = PBXFileReference; lastKnownFileType = file.storyboard; name = Base; path = Base.lproj/LaunchScreen.storyboard; sourceTree = "<group>"; };
		7B2BBFA3299A1AC500EE0F1F /* Info.plist */ = {isa = PBXFileReference; lastKnownFileType = text.plist.xml; path = Info.plist; sourceTree = "<group>"; };
		7B2BBFB1299A29AF00EE0F1F /* UIColor+.swift */ = {isa = PBXFileReference; lastKnownFileType = sourcecode.swift; path = "UIColor+.swift"; sourceTree = "<group>"; };
		7B2BBFB3299A29DC00EE0F1F /* UIViewController+.swift */ = {isa = PBXFileReference; lastKnownFileType = sourcecode.swift; path = "UIViewController+.swift"; sourceTree = "<group>"; };
		7B2C9E9029DAF6270007603D /* MainButton.swift */ = {isa = PBXFileReference; lastKnownFileType = sourcecode.swift; path = MainButton.swift; sourceTree = "<group>"; };
		7B2C9E9229DAF9A70007603D /* SignUpViewController.swift */ = {isa = PBXFileReference; lastKnownFileType = sourcecode.swift; path = SignUpViewController.swift; sourceTree = "<group>"; };
		7B2C9E9429DB359A0007603D /* MainTextField.swift */ = {isa = PBXFileReference; lastKnownFileType = sourcecode.swift; path = MainTextField.swift; sourceTree = "<group>"; };
		7B2C9E9629DEE7B20007603D /* UITextField+.swift */ = {isa = PBXFileReference; lastKnownFileType = sourcecode.swift; path = "UITextField+.swift"; sourceTree = "<group>"; };
		7B2C9E9A29DF3B4A0007603D /* ImageLiteral.swift */ = {isa = PBXFileReference; lastKnownFileType = sourcecode.swift; path = ImageLiteral.swift; sourceTree = "<group>"; };
		7B2C9E9C29DF3C020007603D /* FontLiteral.swift */ = {isa = PBXFileReference; lastKnownFileType = sourcecode.swift; path = FontLiteral.swift; sourceTree = "<group>"; };
		7B63C45629C100C80070C588 /* MorningViewController.swift */ = {isa = PBXFileReference; lastKnownFileType = sourcecode.swift; path = MorningViewController.swift; sourceTree = "<group>"; };
		7B63C45829C100D70070C588 /* LunchViewController.swift */ = {isa = PBXFileReference; lastKnownFileType = sourcecode.swift; path = LunchViewController.swift; sourceTree = "<group>"; };
		7B63C45A29C100DE0070C588 /* DinnerViewController.swift */ = {isa = PBXFileReference; lastKnownFileType = sourcecode.swift; path = DinnerViewController.swift; sourceTree = "<group>"; };
		7B98992D29E04F1300D1A076 /* ReviewViewController.swift */ = {isa = PBXFileReference; lastKnownFileType = sourcecode.swift; path = ReviewViewController.swift; sourceTree = "<group>"; };
		7B98999F2A0B8F3E00D1A076 /* MenuTableViewCell.swift */ = {isa = PBXFileReference; lastKnownFileType = sourcecode.swift; path = MenuTableViewCell.swift; sourceTree = "<group>"; };
		7B9899A12A0B8FCF00D1A076 /* MenuHeaderView.swift */ = {isa = PBXFileReference; lastKnownFileType = sourcecode.swift; path = MenuHeaderView.swift; sourceTree = "<group>"; };
		7B9899A32A0B902C00D1A076 /* MenuTableView.swift */ = {isa = PBXFileReference; lastKnownFileType = sourcecode.swift; path = MenuTableView.swift; sourceTree = "<group>"; };
		7B9899A52A0B904700D1A076 /* Menu.swift */ = {isa = PBXFileReference; lastKnownFileType = sourcecode.swift; path = Menu.swift; sourceTree = "<group>"; };
		7B9899A92A0B98E700D1A076 /* RestaurantMapViewController.swift */ = {isa = PBXFileReference; lastKnownFileType = sourcecode.swift; path = RestaurantMapViewController.swift; sourceTree = "<group>"; };
		7B9899B62A0ED34300D1A076 /* MyPageViewController.swift */ = {isa = PBXFileReference; lastKnownFileType = sourcecode.swift; path = MyPageViewController.swift; sourceTree = "<group>"; };
		7B9899C22A154F9800D1A076 /* Config.swift */ = {isa = PBXFileReference; lastKnownFileType = sourcecode.swift; path = Config.swift; sourceTree = "<group>"; };
		7BD73CD529D20B980076DC77 /* MorningView.swift */ = {isa = PBXFileReference; lastKnownFileType = sourcecode.swift; path = MorningView.swift; sourceTree = "<group>"; };
		7BD73CE529D2F9C60076DC77 /* LoginViewController.swift */ = {isa = PBXFileReference; lastKnownFileType = sourcecode.swift; path = LoginViewController.swift; sourceTree = "<group>"; };
		7BD73CE729D2F9D10076DC77 /* LoginView.swift */ = {isa = PBXFileReference; lastKnownFileType = sourcecode.swift; path = LoginView.swift; sourceTree = "<group>"; };
/* End PBXFileReference section */

/* Begin PBXFrameworksBuildPhase section */
		7B2BBF8F299A1AC400EE0F1F /* Frameworks */ = {
			isa = PBXFrameworksBuildPhase;
			buildActionMask = 2147483647;
			files = (
				7BD73CD429D208940076DC77 /* Then in Frameworks */,
				7B2BBFB0299A291A00EE0F1F /* SnapKit in Frameworks */,
				056956C229C0DB55002E8CF2 /* Moya in Frameworks */,
				0569565C29B25D40002E8CF2 /* Tabman in Frameworks */,
			);
			runOnlyForDeploymentPostprocessing = 0;
		};
/* End PBXFrameworksBuildPhase section */

/* Begin PBXGroup section */
		055970592A16643600868C42 /* Review */ = {
			isa = PBXGroup;
			children = (
				0559705A2A16646B00868C42 /* MenuReviewResponse.swift */,
				0559705C2A16670600868C42 /* MenuInfoResponse.swift */,
				057A0AC62A1B488B00F10B85 /* TotalReviewResponse.swift */,
			);
			path = Review;
			sourceTree = "<group>";
		};
		0569564E29B1F043002E8CF2 /* Screen */ = {
			isa = PBXGroup;
			children = (
				7B9899B32A0ED31900D1A076 /* MyPage */,
				7B2C9E6229DAC6B10007603D /* Auth */,
				0569565D29B262F9002E8CF2 /* Review */,
				0569565229B1F4B2002E8CF2 /* Home */,
			);
			path = Screen;
			sourceTree = "<group>";
		};
		0569565229B1F4B2002E8CF2 /* Home */ = {
			isa = PBXGroup;
			children = (
				7B63C45029C0FF7E0070C588 /* View */,
				7B63C45229C0FFF50070C588 /* ViewController */,
			);
			path = Home;
			sourceTree = "<group>";
		};
		0569565D29B262F9002E8CF2 /* Review */ = {
			isa = PBXGroup;
			children = (
				056956C529C0E2C7002E8CF2 /* View */,
				056956C429C0E2BA002E8CF2 /* ViewController */,
			);
			path = Review;
			sourceTree = "<group>";
		};
		056956BD29C0DAF9002E8CF2 /* Base */ = {
			isa = PBXGroup;
			children = (
				056956BE29C0DB1A002E8CF2 /* BaseViewController.swift */,
				056956C829C0E51F002E8CF2 /* BaseUIView.swift */,
			);
			path = Base;
			sourceTree = "<group>";
		};
		056956C429C0E2BA002E8CF2 /* ViewController */ = {
			isa = PBXGroup;
			children = (
				056956FE29CB81E2002E8CF2 /* SetRateViewController.swift */,
				0569570B29CE1A71002E8CF2 /* WriteReviewViewController.swift */,
				7B98992D29E04F1300D1A076 /* ReviewViewController.swift */,
			);
			path = ViewController;
			sourceTree = "<group>";
		};
		056956C529C0E2C7002E8CF2 /* View */ = {
			isa = PBXGroup;
			children = (
				0569570129CB837A002E8CF2 /* RateReview */,
				0569570029CB834C002E8CF2 /* SeeReview */,
			);
			path = View;
			sourceTree = "<group>";
		};
		0569570029CB834C002E8CF2 /* SeeReview */ = {
			isa = PBXGroup;
			children = (
				056956C629C0E350002E8CF2 /* ReviewRateView.swift */,
				056956FC29CB7958002E8CF2 /* ReviewTableCell.swift */,
			);
			path = SeeReview;
			sourceTree = "<group>";
		};
		0569570129CB837A002E8CF2 /* RateReview */ = {
			isa = PBXGroup;
			children = (
				0569570229CB83A1002E8CF2 /* BottomTagView.swift */,
				0569570929CCBC41002E8CF2 /* RateView.swift */,
			);
			path = RateReview;
			sourceTree = "<group>";
		};
		7B2BBF89299A1AC400EE0F1F = {
			isa = PBXGroup;
			children = (
				7B2BBF94299A1AC400EE0F1F /* EatSSU-iOS */,
				7B2BBF93299A1AC400EE0F1F /* Products */,
				7B2C9E9829DF2C7B0007603D /* Recovered References */,
			);
			sourceTree = "<group>";
		};
		7B2BBF93299A1AC400EE0F1F /* Products */ = {
			isa = PBXGroup;
			children = (
				7B2BBF92299A1AC400EE0F1F /* EatSSU-iOS.app */,
			);
			name = Products;
			sourceTree = "<group>";
		};
		7B2BBF94299A1AC400EE0F1F /* EatSSU-iOS */ = {
			isa = PBXGroup;
			children = (
				7B9899BC2A154EF400D1A076 /* Network */,
				0569564E29B1F043002E8CF2 /* Screen */,
				7B2BBFA9299A253B00EE0F1F /* Global */,
				7B2BBFA0299A1AC500EE0F1F /* LaunchScreen.storyboard */,
				7B2BBFA3299A1AC500EE0F1F /* Info.plist */,
			);
			path = "EatSSU-iOS";
			sourceTree = "<group>";
		};
		7B2BBFA9299A253B00EE0F1F /* Global */ = {
			isa = PBXGroup;
			children = (
				7B2C9E9929DF36880007603D /* Literal */,
				7B2C9E8F29DAF5FE0007603D /* UIComponent */,
				056956BD29C0DAF9002E8CF2 /* Base */,
				7B2BBFAA299A254600EE0F1F /* Supports */,
				7B2BBFAB299A255800EE0F1F /* Resource */,
				7B2BBFAC299A256E00EE0F1F /* Extension */,
			);
			path = Global;
			sourceTree = "<group>";
		};
		7B2BBFAA299A254600EE0F1F /* Supports */ = {
			isa = PBXGroup;
			children = (
				7B2BBF95299A1AC400EE0F1F /* AppDelegate.swift */,
				7B2BBF97299A1AC400EE0F1F /* SceneDelegate.swift */,
			);
			path = Supports;
			sourceTree = "<group>";
		};
		7B2BBFAB299A255800EE0F1F /* Resource */ = {
			isa = PBXGroup;
			children = (
				7B2BBF9E299A1AC500EE0F1F /* Assets.xcassets */,
			);
			path = Resource;
			sourceTree = "<group>";
		};
		7B2BBFAC299A256E00EE0F1F /* Extension */ = {
			isa = PBXGroup;
			children = (
				7B2BBFB1299A29AF00EE0F1F /* UIColor+.swift */,
				7B2BBFB3299A29DC00EE0F1F /* UIViewController+.swift */,
				056956B729C0D6DC002E8CF2 /* UIView+.swift */,
				056956BA29C0D8BF002E8CF2 /* UIFont+.swift */,
				7B2C9E9629DEE7B20007603D /* UITextField+.swift */,
				05A4C88329DFE42A004B9A81 /* UIStackView+.swift */,
			);
			path = Extension;
			sourceTree = "<group>";
		};
		7B2C9E6229DAC6B10007603D /* Auth */ = {
			isa = PBXGroup;
			children = (
				7B2C9E6329DAC6B70007603D /* View */,
				7B2C9E6429DAC6BD0007603D /* ViewController */,
			);
			path = Auth;
			sourceTree = "<group>";
		};
		7B2C9E6329DAC6B70007603D /* View */ = {
			isa = PBXGroup;
			children = (
				7BD73CE729D2F9D10076DC77 /* LoginView.swift */,
			);
			path = View;
			sourceTree = "<group>";
		};
		7B2C9E6429DAC6BD0007603D /* ViewController */ = {
			isa = PBXGroup;
			children = (
				7B2C9E9229DAF9A70007603D /* SignUpViewController.swift */,
				7BD73CE529D2F9C60076DC77 /* LoginViewController.swift */,
			);
			path = ViewController;
			sourceTree = "<group>";
		};
		7B2C9E8F29DAF5FE0007603D /* UIComponent */ = {
			isa = PBXGroup;
			children = (
				7B2C9E9029DAF6270007603D /* MainButton.swift */,
				7B2C9E9429DB359A0007603D /* MainTextField.swift */,
			);
			path = UIComponent;
			sourceTree = "<group>";
		};
		7B2C9E9829DF2C7B0007603D /* Recovered References */ = {
			isa = PBXGroup;
			children = (
			);
			name = "Recovered References";
			sourceTree = "<group>";
		};
		7B2C9E9929DF36880007603D /* Literal */ = {
			isa = PBXGroup;
			children = (
				7B2C9E9A29DF3B4A0007603D /* ImageLiteral.swift */,
				7B2C9E9C29DF3C020007603D /* FontLiteral.swift */,
			);
			path = Literal;
			sourceTree = "<group>";
		};
		7B63C45029C0FF7E0070C588 /* View */ = {
			isa = PBXGroup;
			children = (
				7B9899A82A0B98AA00D1A076 /* MapView */,
				7B9899A72A0B988800D1A076 /* MenuView */,
			);
			path = View;
			sourceTree = "<group>";
		};
		7B63C45229C0FFF50070C588 /* ViewController */ = {
			isa = PBXGroup;
			children = (
				7B63C45529C100AD0070C588 /* HomeComponent */,
				7B2BBF99299A1AC400EE0F1F /* HomeViewController.swift */,
			);
			path = ViewController;
			sourceTree = "<group>";
		};
		7B63C45529C100AD0070C588 /* HomeComponent */ = {
			isa = PBXGroup;
			children = (
				7B63C45629C100C80070C588 /* MorningViewController.swift */,
				7B63C45829C100D70070C588 /* LunchViewController.swift */,
				7B63C45A29C100DE0070C588 /* DinnerViewController.swift */,
			);
			path = HomeComponent;
			sourceTree = "<group>";
		};
		7B9899A72A0B988800D1A076 /* MenuView */ = {
			isa = PBXGroup;
			children = (
				7BD73CD529D20B980076DC77 /* MorningView.swift */,
				7B98999F2A0B8F3E00D1A076 /* MenuTableViewCell.swift */,
				7B9899A12A0B8FCF00D1A076 /* MenuHeaderView.swift */,
				7B9899A32A0B902C00D1A076 /* MenuTableView.swift */,
				7B9899A52A0B904700D1A076 /* Menu.swift */,
			);
			path = MenuView;
			sourceTree = "<group>";
		};
		7B9899A82A0B98AA00D1A076 /* MapView */ = {
			isa = PBXGroup;
			children = (
				7B9899A92A0B98E700D1A076 /* RestaurantMapViewController.swift */,
			);
			path = MapView;
			sourceTree = "<group>";
		};
		7B9899B32A0ED31900D1A076 /* MyPage */ = {
			isa = PBXGroup;
			children = (
				7B9899B52A0ED32600D1A076 /* View */,
				7B9899B42A0ED32200D1A076 /* ViewController */,
			);
			path = MyPage;
			sourceTree = "<group>";
		};
		7B9899B42A0ED32200D1A076 /* ViewController */ = {
			isa = PBXGroup;
			children = (
				7B9899B62A0ED34300D1A076 /* MyPageViewController.swift */,
			);
			path = ViewController;
			sourceTree = "<group>";
		};
		7B9899B52A0ED32600D1A076 /* View */ = {
			isa = PBXGroup;
			children = (
			);
			path = View;
			sourceTree = "<group>";
		};
		7B9899BC2A154EF400D1A076 /* Network */ = {
			isa = PBXGroup;
			children = (
				7B9899C12A154F1700D1A076 /* API */,
				7B9899C02A154F1100D1A076 /* Config */,
				7B9899BF2A154F0D00D1A076 /* DTO */,
				7B9899BE2A154F0800D1A076 /* Router */,
				7B9899BD2A154EFB00D1A076 /* Foundation */,
			);
			path = Network;
			sourceTree = "<group>";
		};
		7B9899BD2A154EFB00D1A076 /* Foundation */ = {
			isa = PBXGroup;
			children = (
			);
			path = Foundation;
			sourceTree = "<group>";
		};
		7B9899BE2A154F0800D1A076 /* Router */ = {
			isa = PBXGroup;
			children = (
				057A0AC82A1B498300F10B85 /* ReviewRouter.swift */,
			);
			path = Router;
			sourceTree = "<group>";
		};
		7B9899BF2A154F0D00D1A076 /* DTO */ = {
			isa = PBXGroup;
			children = (
				055970592A16643600868C42 /* Review */,
			);
			path = DTO;
			sourceTree = "<group>";
		};
		7B9899C02A154F1100D1A076 /* Config */ = {
			isa = PBXGroup;
			children = (
				7B9899C22A154F9800D1A076 /* Config.swift */,
			);
			path = Config;
			sourceTree = "<group>";
		};
		7B9899C12A154F1700D1A076 /* API */ = {
			isa = PBXGroup;
			children = (
			);
			path = API;
			sourceTree = "<group>";
		};
/* End PBXGroup section */

/* Begin PBXNativeTarget section */
		7B2BBF91299A1AC400EE0F1F /* EatSSU-iOS */ = {
			isa = PBXNativeTarget;
			buildConfigurationList = 7B2BBFA6299A1AC500EE0F1F /* Build configuration list for PBXNativeTarget "EatSSU-iOS" */;
			buildPhases = (
				7B2BBF8E299A1AC400EE0F1F /* Sources */,
				7B2BBF8F299A1AC400EE0F1F /* Frameworks */,
				7B2BBF90299A1AC400EE0F1F /* Resources */,
			);
			buildRules = (
			);
			dependencies = (
			);
			name = "EatSSU-iOS";
			packageProductDependencies = (
				7B2BBFAF299A291A00EE0F1F /* SnapKit */,
				0569565B29B25D40002E8CF2 /* Tabman */,
				056956C129C0DB55002E8CF2 /* Moya */,
				7BD73CD329D208940076DC77 /* Then */,
			);
			productName = "EatSSU-iOS";
			productReference = 7B2BBF92299A1AC400EE0F1F /* EatSSU-iOS.app */;
			productType = "com.apple.product-type.application";
		};
/* End PBXNativeTarget section */

/* Begin PBXProject section */
		7B2BBF8A299A1AC400EE0F1F /* Project object */ = {
			isa = PBXProject;
			attributes = {
				BuildIndependentTargetsInParallel = 1;
				LastSwiftUpdateCheck = 1420;
				LastUpgradeCheck = 1420;
				TargetAttributes = {
					7B2BBF91299A1AC400EE0F1F = {
						CreatedOnToolsVersion = 14.2;
					};
				};
			};
			buildConfigurationList = 7B2BBF8D299A1AC400EE0F1F /* Build configuration list for PBXProject "EatSSU-iOS" */;
			compatibilityVersion = "Xcode 14.0";
			developmentRegion = en;
			hasScannedForEncodings = 0;
			knownRegions = (
				en,
				Base,
			);
			mainGroup = 7B2BBF89299A1AC400EE0F1F;
			packageReferences = (
				7B2BBFAE299A291A00EE0F1F /* XCRemoteSwiftPackageReference "SnapKit" */,
				0569565A29B25D40002E8CF2 /* XCRemoteSwiftPackageReference "Tabman" */,
				056956C029C0DB55002E8CF2 /* XCRemoteSwiftPackageReference "Moya" */,
				7BD73CD229D208940076DC77 /* XCRemoteSwiftPackageReference "Then" */,
			);
			productRefGroup = 7B2BBF93299A1AC400EE0F1F /* Products */;
			projectDirPath = "";
			projectRoot = "";
			targets = (
				7B2BBF91299A1AC400EE0F1F /* EatSSU-iOS */,
			);
		};
/* End PBXProject section */

/* Begin PBXResourcesBuildPhase section */
		7B2BBF90299A1AC400EE0F1F /* Resources */ = {
			isa = PBXResourcesBuildPhase;
			buildActionMask = 2147483647;
			files = (
				7B2BBFA2299A1AC500EE0F1F /* LaunchScreen.storyboard in Resources */,
				7B2BBF9F299A1AC500EE0F1F /* Assets.xcassets in Resources */,
			);
			runOnlyForDeploymentPostprocessing = 0;
		};
/* End PBXResourcesBuildPhase section */

/* Begin PBXSourcesBuildPhase section */
		7B2BBF8E299A1AC400EE0F1F /* Sources */ = {
			isa = PBXSourcesBuildPhase;
			buildActionMask = 2147483647;
			files = (
				05A4C88429DFE42A004B9A81 /* UIStackView+.swift in Sources */,
				7BD73CE629D2F9C60076DC77 /* LoginViewController.swift in Sources */,
				7B63C45B29C100DE0070C588 /* DinnerViewController.swift in Sources */,
				7BD73CE829D2F9D10076DC77 /* LoginView.swift in Sources */,
				057A0AC72A1B488B00F10B85 /* TotalReviewResponse.swift in Sources */,
				7BD73CD629D20B980076DC77 /* MorningView.swift in Sources */,
				7B2C9E9329DAF9A70007603D /* SignUpViewController.swift in Sources */,
				7B9899A42A0B902C00D1A076 /* MenuTableView.swift in Sources */,
				7B2C9E9529DB359A0007603D /* MainTextField.swift in Sources */,
				056956BB29C0D8BF002E8CF2 /* UIFont+.swift in Sources */,
				7B2BBF9A299A1AC400EE0F1F /* HomeViewController.swift in Sources */,
				7B2C9E9729DEE7B20007603D /* UITextField+.swift in Sources */,
				7B63C45929C100D70070C588 /* LunchViewController.swift in Sources */,
				7B2BBFB2299A29AF00EE0F1F /* UIColor+.swift in Sources */,
				056956BF29C0DB1A002E8CF2 /* BaseViewController.swift in Sources */,
				056956B829C0D6DC002E8CF2 /* UIView+.swift in Sources */,
				7B9899A02A0B8F3E00D1A076 /* MenuTableViewCell.swift in Sources */,
				7B63C45729C100C80070C588 /* MorningViewController.swift in Sources */,
				7B2C9E9129DAF6270007603D /* MainButton.swift in Sources */,
				7B2BBFB4299A29DC00EE0F1F /* UIViewController+.swift in Sources */,
				7B2C9E9B29DF3B4A0007603D /* ImageLiteral.swift in Sources */,
				056956C929C0E51F002E8CF2 /* BaseUIView.swift in Sources */,
				0569570C29CE1A71002E8CF2 /* WriteReviewViewController.swift in Sources */,
				0569570329CB83A1002E8CF2 /* BottomTagView.swift in Sources */,
				057A0AC92A1B498300F10B85 /* ReviewRouter.swift in Sources */,
				056956FD29CB7958002E8CF2 /* ReviewTableCell.swift in Sources */,
				056956FF29CB81E2002E8CF2 /* SetRateViewController.swift in Sources */,
				7B2C9E9D29DF3C020007603D /* FontLiteral.swift in Sources */,
				7B9899AA2A0B98E700D1A076 /* RestaurantMapViewController.swift in Sources */,
				7B2BBF96299A1AC400EE0F1F /* AppDelegate.swift in Sources */,
				7B9899A62A0B904700D1A076 /* Menu.swift in Sources */,
				7B9899C32A154F9800D1A076 /* Config.swift in Sources */,
				056956C729C0E350002E8CF2 /* ReviewRateView.swift in Sources */,
				7B9899B72A0ED34300D1A076 /* MyPageViewController.swift in Sources */,
				7B2BBF98299A1AC400EE0F1F /* SceneDelegate.swift in Sources */,
				0559705B2A16646B00868C42 /* MenuReviewResponse.swift in Sources */,
				0569570A29CCBC41002E8CF2 /* RateView.swift in Sources */,
				0559705D2A16670600868C42 /* MenuInfoResponse.swift in Sources */,
				7B98992E29E04F1300D1A076 /* ReviewViewController.swift in Sources */,
				7B9899A22A0B8FCF00D1A076 /* MenuHeaderView.swift in Sources */,
			);
			runOnlyForDeploymentPostprocessing = 0;
		};
/* End PBXSourcesBuildPhase section */

/* Begin PBXVariantGroup section */
		7B2BBFA0299A1AC500EE0F1F /* LaunchScreen.storyboard */ = {
			isa = PBXVariantGroup;
			children = (
				7B2BBFA1299A1AC500EE0F1F /* Base */,
			);
			name = LaunchScreen.storyboard;
			sourceTree = "<group>";
		};
/* End PBXVariantGroup section */

/* Begin XCBuildConfiguration section */
		7B2BBFA4299A1AC500EE0F1F /* Debug */ = {
			isa = XCBuildConfiguration;
			buildSettings = {
				ALWAYS_SEARCH_USER_PATHS = NO;
				BASE_URL = "https://eatssu.shop";
				CLANG_ANALYZER_NONNULL = YES;
				CLANG_ANALYZER_NUMBER_OBJECT_CONVERSION = YES_AGGRESSIVE;
				CLANG_CXX_LANGUAGE_STANDARD = "gnu++20";
				CLANG_ENABLE_MODULES = YES;
				CLANG_ENABLE_OBJC_ARC = YES;
				CLANG_ENABLE_OBJC_WEAK = YES;
				CLANG_WARN_BLOCK_CAPTURE_AUTORELEASING = YES;
				CLANG_WARN_BOOL_CONVERSION = YES;
				CLANG_WARN_COMMA = YES;
				CLANG_WARN_CONSTANT_CONVERSION = YES;
				CLANG_WARN_DEPRECATED_OBJC_IMPLEMENTATIONS = YES;
				CLANG_WARN_DIRECT_OBJC_ISA_USAGE = YES_ERROR;
				CLANG_WARN_DOCUMENTATION_COMMENTS = YES;
				CLANG_WARN_EMPTY_BODY = YES;
				CLANG_WARN_ENUM_CONVERSION = YES;
				CLANG_WARN_INFINITE_RECURSION = YES;
				CLANG_WARN_INT_CONVERSION = YES;
				CLANG_WARN_NON_LITERAL_NULL_CONVERSION = YES;
				CLANG_WARN_OBJC_IMPLICIT_RETAIN_SELF = YES;
				CLANG_WARN_OBJC_LITERAL_CONVERSION = YES;
				CLANG_WARN_OBJC_ROOT_CLASS = YES_ERROR;
				CLANG_WARN_QUOTED_INCLUDE_IN_FRAMEWORK_HEADER = YES;
				CLANG_WARN_RANGE_LOOP_ANALYSIS = YES;
				CLANG_WARN_STRICT_PROTOTYPES = YES;
				CLANG_WARN_SUSPICIOUS_MOVE = YES;
				CLANG_WARN_UNGUARDED_AVAILABILITY = YES_AGGRESSIVE;
				CLANG_WARN_UNREACHABLE_CODE = YES;
				CLANG_WARN__DUPLICATE_METHOD_MATCH = YES;
				COPY_PHASE_STRIP = NO;
				DEBUG_INFORMATION_FORMAT = dwarf;
				ENABLE_STRICT_OBJC_MSGSEND = YES;
				ENABLE_TESTABILITY = YES;
				GCC_C_LANGUAGE_STANDARD = gnu11;
				GCC_DYNAMIC_NO_PIC = NO;
				GCC_NO_COMMON_BLOCKS = YES;
				GCC_OPTIMIZATION_LEVEL = 0;
				GCC_PREPROCESSOR_DEFINITIONS = (
					"DEBUG=1",
					"$(inherited)",
				);
				GCC_WARN_64_TO_32_BIT_CONVERSION = YES;
				GCC_WARN_ABOUT_RETURN_TYPE = YES_ERROR;
				GCC_WARN_UNDECLARED_SELECTOR = YES;
				GCC_WARN_UNINITIALIZED_AUTOS = YES_AGGRESSIVE;
				GCC_WARN_UNUSED_FUNCTION = YES;
				GCC_WARN_UNUSED_VARIABLE = YES;
				IPHONEOS_DEPLOYMENT_TARGET = 16.2;
				MTL_ENABLE_DEBUG_INFO = INCLUDE_SOURCE;
				MTL_FAST_MATH = YES;
				ONLY_ACTIVE_ARCH = YES;
				SDKROOT = iphoneos;
				SWIFT_ACTIVE_COMPILATION_CONDITIONS = DEBUG;
				SWIFT_OPTIMIZATION_LEVEL = "-Onone";
			};
			name = Debug;
		};
		7B2BBFA5299A1AC500EE0F1F /* Release */ = {
			isa = XCBuildConfiguration;
			buildSettings = {
				ALWAYS_SEARCH_USER_PATHS = NO;
				BASE_URL = "https://eatssu.shop";
				CLANG_ANALYZER_NONNULL = YES;
				CLANG_ANALYZER_NUMBER_OBJECT_CONVERSION = YES_AGGRESSIVE;
				CLANG_CXX_LANGUAGE_STANDARD = "gnu++20";
				CLANG_ENABLE_MODULES = YES;
				CLANG_ENABLE_OBJC_ARC = YES;
				CLANG_ENABLE_OBJC_WEAK = YES;
				CLANG_WARN_BLOCK_CAPTURE_AUTORELEASING = YES;
				CLANG_WARN_BOOL_CONVERSION = YES;
				CLANG_WARN_COMMA = YES;
				CLANG_WARN_CONSTANT_CONVERSION = YES;
				CLANG_WARN_DEPRECATED_OBJC_IMPLEMENTATIONS = YES;
				CLANG_WARN_DIRECT_OBJC_ISA_USAGE = YES_ERROR;
				CLANG_WARN_DOCUMENTATION_COMMENTS = YES;
				CLANG_WARN_EMPTY_BODY = YES;
				CLANG_WARN_ENUM_CONVERSION = YES;
				CLANG_WARN_INFINITE_RECURSION = YES;
				CLANG_WARN_INT_CONVERSION = YES;
				CLANG_WARN_NON_LITERAL_NULL_CONVERSION = YES;
				CLANG_WARN_OBJC_IMPLICIT_RETAIN_SELF = YES;
				CLANG_WARN_OBJC_LITERAL_CONVERSION = YES;
				CLANG_WARN_OBJC_ROOT_CLASS = YES_ERROR;
				CLANG_WARN_QUOTED_INCLUDE_IN_FRAMEWORK_HEADER = YES;
				CLANG_WARN_RANGE_LOOP_ANALYSIS = YES;
				CLANG_WARN_STRICT_PROTOTYPES = YES;
				CLANG_WARN_SUSPICIOUS_MOVE = YES;
				CLANG_WARN_UNGUARDED_AVAILABILITY = YES_AGGRESSIVE;
				CLANG_WARN_UNREACHABLE_CODE = YES;
				CLANG_WARN__DUPLICATE_METHOD_MATCH = YES;
				COPY_PHASE_STRIP = NO;
				DEBUG_INFORMATION_FORMAT = "dwarf-with-dsym";
				ENABLE_NS_ASSERTIONS = NO;
				ENABLE_STRICT_OBJC_MSGSEND = YES;
				GCC_C_LANGUAGE_STANDARD = gnu11;
				GCC_NO_COMMON_BLOCKS = YES;
				GCC_WARN_64_TO_32_BIT_CONVERSION = YES;
				GCC_WARN_ABOUT_RETURN_TYPE = YES_ERROR;
				GCC_WARN_UNDECLARED_SELECTOR = YES;
				GCC_WARN_UNINITIALIZED_AUTOS = YES_AGGRESSIVE;
				GCC_WARN_UNUSED_FUNCTION = YES;
				GCC_WARN_UNUSED_VARIABLE = YES;
				IPHONEOS_DEPLOYMENT_TARGET = 16.2;
				MTL_ENABLE_DEBUG_INFO = NO;
				MTL_FAST_MATH = YES;
				SDKROOT = iphoneos;
				SWIFT_COMPILATION_MODE = wholemodule;
				SWIFT_OPTIMIZATION_LEVEL = "-O";
				VALIDATE_PRODUCT = YES;
			};
			name = Release;
		};
		7B2BBFA7299A1AC500EE0F1F /* Debug */ = {
			isa = XCBuildConfiguration;
			buildSettings = {
				ASSETCATALOG_COMPILER_APPICON_NAME = AppIcon;
				ASSETCATALOG_COMPILER_GLOBAL_ACCENT_COLOR_NAME = AccentColor;
				CODE_SIGN_STYLE = Automatic;
				CURRENT_PROJECT_VERSION = 1;
				GENERATE_INFOPLIST_FILE = YES;
				INFOPLIST_FILE = "EatSSU-iOS/Info.plist";
				INFOPLIST_KEY_LSApplicationCategoryType = "";
				INFOPLIST_KEY_UIApplicationSupportsIndirectInputEvents = YES;
				INFOPLIST_KEY_UILaunchStoryboardName = LaunchScreen;
				INFOPLIST_KEY_UISupportedInterfaceOrientations_iPad = "UIInterfaceOrientationPortrait UIInterfaceOrientationPortraitUpsideDown UIInterfaceOrientationLandscapeLeft UIInterfaceOrientationLandscapeRight";
				INFOPLIST_KEY_UISupportedInterfaceOrientations_iPhone = "UIInterfaceOrientationPortrait UIInterfaceOrientationLandscapeLeft UIInterfaceOrientationLandscapeRight";
				LD_RUNPATH_SEARCH_PATHS = (
					"$(inherited)",
					"@executable_path/Frameworks",
				);
				MARKETING_VERSION = 1.0;
				PRODUCT_BUNDLE_IDENTIFIER = "CJW.EatSSU-iOS";
				PRODUCT_NAME = "$(TARGET_NAME)";
				SWIFT_EMIT_LOC_STRINGS = YES;
				SWIFT_VERSION = 5.0;
				TARGETED_DEVICE_FAMILY = "1,2";
			};
			name = Debug;
		};
		7B2BBFA8299A1AC500EE0F1F /* Release */ = {
			isa = XCBuildConfiguration;
			buildSettings = {
				ASSETCATALOG_COMPILER_APPICON_NAME = AppIcon;
				ASSETCATALOG_COMPILER_GLOBAL_ACCENT_COLOR_NAME = AccentColor;
				CODE_SIGN_STYLE = Automatic;
				CURRENT_PROJECT_VERSION = 1;
				GENERATE_INFOPLIST_FILE = YES;
				INFOPLIST_FILE = "EatSSU-iOS/Info.plist";
				INFOPLIST_KEY_LSApplicationCategoryType = "";
				INFOPLIST_KEY_UIApplicationSupportsIndirectInputEvents = YES;
				INFOPLIST_KEY_UILaunchStoryboardName = LaunchScreen;
				INFOPLIST_KEY_UISupportedInterfaceOrientations_iPad = "UIInterfaceOrientationPortrait UIInterfaceOrientationPortraitUpsideDown UIInterfaceOrientationLandscapeLeft UIInterfaceOrientationLandscapeRight";
				INFOPLIST_KEY_UISupportedInterfaceOrientations_iPhone = "UIInterfaceOrientationPortrait UIInterfaceOrientationLandscapeLeft UIInterfaceOrientationLandscapeRight";
				LD_RUNPATH_SEARCH_PATHS = (
					"$(inherited)",
					"@executable_path/Frameworks",
				);
				MARKETING_VERSION = 1.0;
				PRODUCT_BUNDLE_IDENTIFIER = "CJW.EatSSU-iOS";
				PRODUCT_NAME = "$(TARGET_NAME)";
				SWIFT_EMIT_LOC_STRINGS = YES;
				SWIFT_VERSION = 5.0;
				TARGETED_DEVICE_FAMILY = "1,2";
			};
			name = Release;
		};
/* End XCBuildConfiguration section */

/* Begin XCConfigurationList section */
		7B2BBF8D299A1AC400EE0F1F /* Build configuration list for PBXProject "EatSSU-iOS" */ = {
			isa = XCConfigurationList;
			buildConfigurations = (
				7B2BBFA4299A1AC500EE0F1F /* Debug */,
				7B2BBFA5299A1AC500EE0F1F /* Release */,
			);
			defaultConfigurationIsVisible = 0;
			defaultConfigurationName = Release;
		};
		7B2BBFA6299A1AC500EE0F1F /* Build configuration list for PBXNativeTarget "EatSSU-iOS" */ = {
			isa = XCConfigurationList;
			buildConfigurations = (
				7B2BBFA7299A1AC500EE0F1F /* Debug */,
				7B2BBFA8299A1AC500EE0F1F /* Release */,
			);
			defaultConfigurationIsVisible = 0;
			defaultConfigurationName = Release;
		};
/* End XCConfigurationList section */

/* Begin XCRemoteSwiftPackageReference section */
		0569565A29B25D40002E8CF2 /* XCRemoteSwiftPackageReference "Tabman" */ = {
			isa = XCRemoteSwiftPackageReference;
			repositoryURL = "https://github.com/uias/Tabman.git";
			requirement = {
				kind = upToNextMajorVersion;
				minimumVersion = 3.0.0;
			};
		};
		056956C029C0DB55002E8CF2 /* XCRemoteSwiftPackageReference "Moya" */ = {
			isa = XCRemoteSwiftPackageReference;
			repositoryURL = "https://github.com/Moya/Moya.git";
			requirement = {
				branch = master;
				kind = branch;
			};
		};
		7B2BBFAE299A291A00EE0F1F /* XCRemoteSwiftPackageReference "SnapKit" */ = {
			isa = XCRemoteSwiftPackageReference;
			repositoryURL = "https://github.com/SnapKit/SnapKit.git";
			requirement = {
				branch = develop;
				kind = branch;
			};
		};
		7BD73CD229D208940076DC77 /* XCRemoteSwiftPackageReference "Then" */ = {
			isa = XCRemoteSwiftPackageReference;
			repositoryURL = "https://github.com/devxoul/Then";
			requirement = {
				branch = master;
				kind = branch;
			};
		};
/* End XCRemoteSwiftPackageReference section */

/* Begin XCSwiftPackageProductDependency section */
		0569565B29B25D40002E8CF2 /* Tabman */ = {
			isa = XCSwiftPackageProductDependency;
			package = 0569565A29B25D40002E8CF2 /* XCRemoteSwiftPackageReference "Tabman" */;
			productName = Tabman;
		};
		056956C129C0DB55002E8CF2 /* Moya */ = {
			isa = XCSwiftPackageProductDependency;
			package = 056956C029C0DB55002E8CF2 /* XCRemoteSwiftPackageReference "Moya" */;
			productName = Moya;
		};
		7B2BBFAF299A291A00EE0F1F /* SnapKit */ = {
			isa = XCSwiftPackageProductDependency;
			package = 7B2BBFAE299A291A00EE0F1F /* XCRemoteSwiftPackageReference "SnapKit" */;
			productName = SnapKit;
		};
		7BD73CD329D208940076DC77 /* Then */ = {
			isa = XCSwiftPackageProductDependency;
			package = 7BD73CD229D208940076DC77 /* XCRemoteSwiftPackageReference "Then" */;
			productName = Then;
		};
/* End XCSwiftPackageProductDependency section */
	};
	rootObject = 7B2BBF8A299A1AC400EE0F1F /* Project object */;
}
